// !$*UTF8*$!
{
	archiveVersion = 1;
	classes = {
	};
	objectVersion = 51;
	objects = {

/* Begin PBXBuildFile section */
		0F02D3B2758C70E7B5AD7AC7 /* Pods_Articles.framework in Frameworks */ = {isa = PBXBuildFile; fileRef = AE1CC4D87EA780AE38A86813 /* Pods_Articles.framework */; };
		6967EB6F249B5911005E8EB1 /* ArticlesViewController.swift in Sources */ = {isa = PBXBuildFile; fileRef = 6967EB6E249B5911005E8EB1 /* ArticlesViewController.swift */; };
		6967EB71249B6A46005E8EB1 /* Extensions.swift in Sources */ = {isa = PBXBuildFile; fileRef = 6967EB70249B6A46005E8EB1 /* Extensions.swift */; };
		6967EB74249B6E25005E8EB1 /* Article.swift in Sources */ = {isa = PBXBuildFile; fileRef = 6967EB73249B6E25005E8EB1 /* Article.swift */; };
		6967EB76249B701F005E8EB1 /* Media.swift in Sources */ = {isa = PBXBuildFile; fileRef = 6967EB75249B701F005E8EB1 /* Media.swift */; };
		6967EB78249B702B005E8EB1 /* User.swift in Sources */ = {isa = PBXBuildFile; fileRef = 6967EB77249B702B005E8EB1 /* User.swift */; };
		6967EB7A249B72D8005E8EB1 /* ArticleTableViewModel.swift in Sources */ = {isa = PBXBuildFile; fileRef = 6967EB79249B72D8005E8EB1 /* ArticleTableViewModel.swift */; };
		6967EB7D249B89A6005E8EB1 /* LoadingTableViewCell.swift in Sources */ = {isa = PBXBuildFile; fileRef = 6967EB7B249B89A6005E8EB1 /* LoadingTableViewCell.swift */; };
		6967EB7E249B89A6005E8EB1 /* LoadingTableViewCell.xib in Resources */ = {isa = PBXBuildFile; fileRef = 6967EB7C249B89A6005E8EB1 /* LoadingTableViewCell.xib */; };
		6967EB80249BB386005E8EB1 /* URLParameterEncoding.swift in Sources */ = {isa = PBXBuildFile; fileRef = 6967EB7F249BB386005E8EB1 /* URLParameterEncoding.swift */; };
		69A693F62498C0370037DB91 /* AppDelegate.swift in Sources */ = {isa = PBXBuildFile; fileRef = 69A693F52498C0370037DB91 /* AppDelegate.swift */; };
		69A693FD2498C0370037DB91 /* Main.storyboard in Resources */ = {isa = PBXBuildFile; fileRef = 69A693FB2498C0370037DB91 /* Main.storyboard */; };
		69A694002498C0370037DB91 /* Articles.xcdatamodeld in Sources */ = {isa = PBXBuildFile; fileRef = 69A693FE2498C0370037DB91 /* Articles.xcdatamodeld */; };
		69A694022498C03B0037DB91 /* Assets.xcassets in Resources */ = {isa = PBXBuildFile; fileRef = 69A694012498C03B0037DB91 /* Assets.xcassets */; };
		69A694052498C03B0037DB91 /* LaunchScreen.storyboard in Resources */ = {isa = PBXBuildFile; fileRef = 69A694032498C03B0037DB91 /* LaunchScreen.storyboard */; };
		69C9EAAA2498F155000EE178 /* RequestEndPoint.swift in Sources */ = {isa = PBXBuildFile; fileRef = 69C9EAA02498F155000EE178 /* RequestEndPoint.swift */; };
		69C9EAAB2498F155000EE178 /* EndPoint.swift in Sources */ = {isa = PBXBuildFile; fileRef = 69C9EAA12498F155000EE178 /* EndPoint.swift */; };
		69C9EAAC2498F155000EE178 /* ParameterEncoding.swift in Sources */ = {isa = PBXBuildFile; fileRef = 69C9EAA32498F155000EE178 /* ParameterEncoding.swift */; };
		69C9EAAE2498F155000EE178 /* NetworkManager.swift in Sources */ = {isa = PBXBuildFile; fileRef = 69C9EAA62498F155000EE178 /* NetworkManager.swift */; };
		69C9EAAF2498F155000EE178 /* APIService.swift in Sources */ = {isa = PBXBuildFile; fileRef = 69C9EAA82498F155000EE178 /* APIService.swift */; };
		69C9EAB02498F155000EE178 /* URLSessionAPIService.swift in Sources */ = {isa = PBXBuildFile; fileRef = 69C9EAA92498F155000EE178 /* URLSessionAPIService.swift */; };
		69C9EAB324992369000EE178 /* Constants.swift in Sources */ = {isa = PBXBuildFile; fileRef = 69C9EAB224992368000EE178 /* Constants.swift */; };
		69C9EAB8249A8950000EE178 /* ArticlesViewController.xib in Resources */ = {isa = PBXBuildFile; fileRef = 69C9EAB6249A8950000EE178 /* ArticlesViewController.xib */; };
		69C9EABD249A8AC6000EE178 /* ArticlesViewModel.swift in Sources */ = {isa = PBXBuildFile; fileRef = 69C9EABC249A8AC6000EE178 /* ArticlesViewModel.swift */; };
		69C9EAC0249A8B8F000EE178 /* ArticleTableViewCell.swift in Sources */ = {isa = PBXBuildFile; fileRef = 69C9EABE249A8B8F000EE178 /* ArticleTableViewCell.swift */; };
		69C9EAC1249A8B8F000EE178 /* ArticleTableViewCell.xib in Resources */ = {isa = PBXBuildFile; fileRef = 69C9EABF249A8B8F000EE178 /* ArticleTableViewCell.xib */; };
/* End PBXBuildFile section */

/* Begin PBXFileReference section */
		0E811BD9BCDC62458E2B7334 /* Pods-Articles.release.xcconfig */ = {isa = PBXFileReference; includeInIndex = 1; lastKnownFileType = text.xcconfig; name = "Pods-Articles.release.xcconfig"; path = "Target Support Files/Pods-Articles/Pods-Articles.release.xcconfig"; sourceTree = "<group>"; };
		116475B4DBAB769E647E8698 /* Pods-Articles.debug.xcconfig */ = {isa = PBXFileReference; includeInIndex = 1; lastKnownFileType = text.xcconfig; name = "Pods-Articles.debug.xcconfig"; path = "Target Support Files/Pods-Articles/Pods-Articles.debug.xcconfig"; sourceTree = "<group>"; };
		6967EB6E249B5911005E8EB1 /* ArticlesViewController.swift */ = {isa = PBXFileReference; fileEncoding = 4; lastKnownFileType = sourcecode.swift; path = ArticlesViewController.swift; sourceTree = "<group>"; };
		6967EB70249B6A46005E8EB1 /* Extensions.swift */ = {isa = PBXFileReference; lastKnownFileType = sourcecode.swift; path = Extensions.swift; sourceTree = "<group>"; };
		6967EB73249B6E25005E8EB1 /* Article.swift */ = {isa = PBXFileReference; lastKnownFileType = sourcecode.swift; path = Article.swift; sourceTree = "<group>"; };
		6967EB75249B701F005E8EB1 /* Media.swift */ = {isa = PBXFileReference; lastKnownFileType = sourcecode.swift; path = Media.swift; sourceTree = "<group>"; };
		6967EB77249B702B005E8EB1 /* User.swift */ = {isa = PBXFileReference; lastKnownFileType = sourcecode.swift; path = User.swift; sourceTree = "<group>"; };
		6967EB79249B72D8005E8EB1 /* ArticleTableViewModel.swift */ = {isa = PBXFileReference; lastKnownFileType = sourcecode.swift; path = ArticleTableViewModel.swift; sourceTree = "<group>"; };
		6967EB7B249B89A6005E8EB1 /* LoadingTableViewCell.swift */ = {isa = PBXFileReference; lastKnownFileType = sourcecode.swift; path = LoadingTableViewCell.swift; sourceTree = "<group>"; };
		6967EB7C249B89A6005E8EB1 /* LoadingTableViewCell.xib */ = {isa = PBXFileReference; lastKnownFileType = file.xib; path = LoadingTableViewCell.xib; sourceTree = "<group>"; };
		6967EB7F249BB386005E8EB1 /* URLParameterEncoding.swift */ = {isa = PBXFileReference; fileEncoding = 4; lastKnownFileType = sourcecode.swift; path = URLParameterEncoding.swift; sourceTree = "<group>"; };
		69A693F22498C0370037DB91 /* Articles.app */ = {isa = PBXFileReference; explicitFileType = wrapper.application; includeInIndex = 0; path = Articles.app; sourceTree = BUILT_PRODUCTS_DIR; };
		69A693F52498C0370037DB91 /* AppDelegate.swift */ = {isa = PBXFileReference; lastKnownFileType = sourcecode.swift; path = AppDelegate.swift; sourceTree = "<group>"; };
		69A693FC2498C0370037DB91 /* Base */ = {isa = PBXFileReference; lastKnownFileType = file.storyboard; name = Base; path = Base.lproj/Main.storyboard; sourceTree = "<group>"; };
		69A693FF2498C0370037DB91 /* Articles.xcdatamodel */ = {isa = PBXFileReference; lastKnownFileType = wrapper.xcdatamodel; path = Articles.xcdatamodel; sourceTree = "<group>"; };
		69A694012498C03B0037DB91 /* Assets.xcassets */ = {isa = PBXFileReference; lastKnownFileType = folder.assetcatalog; path = Assets.xcassets; sourceTree = "<group>"; };
		69A694042498C03B0037DB91 /* Base */ = {isa = PBXFileReference; lastKnownFileType = file.storyboard; name = Base; path = Base.lproj/LaunchScreen.storyboard; sourceTree = "<group>"; };
		69A694062498C03B0037DB91 /* Info.plist */ = {isa = PBXFileReference; lastKnownFileType = text.plist.xml; path = Info.plist; sourceTree = "<group>"; };
		69C9EAA02498F155000EE178 /* RequestEndPoint.swift */ = {isa = PBXFileReference; fileEncoding = 4; lastKnownFileType = sourcecode.swift; path = RequestEndPoint.swift; sourceTree = "<group>"; };
		69C9EAA12498F155000EE178 /* EndPoint.swift */ = {isa = PBXFileReference; fileEncoding = 4; lastKnownFileType = sourcecode.swift; path = EndPoint.swift; sourceTree = "<group>"; };
		69C9EAA32498F155000EE178 /* ParameterEncoding.swift */ = {isa = PBXFileReference; fileEncoding = 4; lastKnownFileType = sourcecode.swift; path = ParameterEncoding.swift; sourceTree = "<group>"; };
		69C9EAA62498F155000EE178 /* NetworkManager.swift */ = {isa = PBXFileReference; fileEncoding = 4; lastKnownFileType = sourcecode.swift; path = NetworkManager.swift; sourceTree = "<group>"; };
		69C9EAA82498F155000EE178 /* APIService.swift */ = {isa = PBXFileReference; fileEncoding = 4; lastKnownFileType = sourcecode.swift; path = APIService.swift; sourceTree = "<group>"; };
		69C9EAA92498F155000EE178 /* URLSessionAPIService.swift */ = {isa = PBXFileReference; fileEncoding = 4; lastKnownFileType = sourcecode.swift; path = URLSessionAPIService.swift; sourceTree = "<group>"; };
		69C9EAB224992368000EE178 /* Constants.swift */ = {isa = PBXFileReference; fileEncoding = 4; lastKnownFileType = sourcecode.swift; path = Constants.swift; sourceTree = "<group>"; };
		69C9EAB6249A8950000EE178 /* ArticlesViewController.xib */ = {isa = PBXFileReference; lastKnownFileType = file.xib; path = ArticlesViewController.xib; sourceTree = "<group>"; };
		69C9EABC249A8AC6000EE178 /* ArticlesViewModel.swift */ = {isa = PBXFileReference; lastKnownFileType = sourcecode.swift; path = ArticlesViewModel.swift; sourceTree = "<group>"; };
		69C9EABE249A8B8F000EE178 /* ArticleTableViewCell.swift */ = {isa = PBXFileReference; lastKnownFileType = sourcecode.swift; path = ArticleTableViewCell.swift; sourceTree = "<group>"; };
		69C9EABF249A8B8F000EE178 /* ArticleTableViewCell.xib */ = {isa = PBXFileReference; lastKnownFileType = file.xib; path = ArticleTableViewCell.xib; sourceTree = "<group>"; };
		AE1CC4D87EA780AE38A86813 /* Pods_Articles.framework */ = {isa = PBXFileReference; explicitFileType = wrapper.framework; includeInIndex = 0; path = Pods_Articles.framework; sourceTree = BUILT_PRODUCTS_DIR; };
/* End PBXFileReference section */

/* Begin PBXFrameworksBuildPhase section */
		69A693EF2498C0370037DB91 /* Frameworks */ = {
			isa = PBXFrameworksBuildPhase;
			buildActionMask = 2147483647;
			files = (
				0F02D3B2758C70E7B5AD7AC7 /* Pods_Articles.framework in Frameworks */,
			);
			runOnlyForDeploymentPostprocessing = 0;
		};
/* End PBXFrameworksBuildPhase section */

/* Begin PBXGroup section */
		6967EB72249B6CE8005E8EB1 /* Model */ = {
			isa = PBXGroup;
			children = (
				6967EB73249B6E25005E8EB1 /* Article.swift */,
				6967EB75249B701F005E8EB1 /* Media.swift */,
				6967EB77249B702B005E8EB1 /* User.swift */,
			);
			path = Model;
			sourceTree = "<group>";
		};
		69A693E92498C0370037DB91 = {
			isa = PBXGroup;
			children = (
				69A693F42498C0370037DB91 /* Articles */,
				69A693F32498C0370037DB91 /* Products */,
				896129A1781A665D9238CD97 /* Pods */,
				D61EC87714EFC8574FB73F4A /* Frameworks */,
			);
			sourceTree = "<group>";
		};
		69A693F32498C0370037DB91 /* Products */ = {
			isa = PBXGroup;
			children = (
				69A693F22498C0370037DB91 /* Articles.app */,
			);
			name = Products;
			sourceTree = "<group>";
		};
		69A693F42498C0370037DB91 /* Articles */ = {
			isa = PBXGroup;
			children = (
				69A693F52498C0370037DB91 /* AppDelegate.swift */,
				6967EB72249B6CE8005E8EB1 /* Model */,
				69C9EAB9249A8A68000EE178 /* ViewModel */,
				69C9EAB4249A8912000EE178 /* View */,
				69C9EAB124992353000EE178 /* Utils */,
				69C9EA9E2498F155000EE178 /* Networking */,
				69A693FB2498C0370037DB91 /* Main.storyboard */,
				69A694012498C03B0037DB91 /* Assets.xcassets */,
				69A694032498C03B0037DB91 /* LaunchScreen.storyboard */,
				69A694062498C03B0037DB91 /* Info.plist */,
				69A693FE2498C0370037DB91 /* Articles.xcdatamodeld */,
			);
			path = Articles;
			sourceTree = "<group>";
		};
		69C9EA9E2498F155000EE178 /* Networking */ = {
			isa = PBXGroup;
			children = (
				69C9EA9F2498F155000EE178 /* RequestEndPoint */,
				69C9EAA22498F155000EE178 /* Encoding */,
				69C9EAA52498F155000EE178 /* Manager */,
				69C9EAA72498F155000EE178 /* APIService */,
			);
			path = Networking;
			sourceTree = "<group>";
		};
		69C9EA9F2498F155000EE178 /* RequestEndPoint */ = {
			isa = PBXGroup;
			children = (
				69C9EAA02498F155000EE178 /* RequestEndPoint.swift */,
				69C9EAA12498F155000EE178 /* EndPoint.swift */,
			);
			path = RequestEndPoint;
			sourceTree = "<group>";
		};
		69C9EAA22498F155000EE178 /* Encoding */ = {
			isa = PBXGroup;
			children = (
				69C9EAA32498F155000EE178 /* ParameterEncoding.swift */,
				6967EB7F249BB386005E8EB1 /* URLParameterEncoding.swift */,
			);
			path = Encoding;
			sourceTree = "<group>";
		};
		69C9EAA52498F155000EE178 /* Manager */ = {
			isa = PBXGroup;
			children = (
				69C9EAA62498F155000EE178 /* NetworkManager.swift */,
			);
			path = Manager;
			sourceTree = "<group>";
		};
		69C9EAA72498F155000EE178 /* APIService */ = {
			isa = PBXGroup;
			children = (
				69C9EAA82498F155000EE178 /* APIService.swift */,
				69C9EAA92498F155000EE178 /* URLSessionAPIService.swift */,
			);
			path = APIService;
			sourceTree = "<group>";
		};
		69C9EAB124992353000EE178 /* Utils */ = {
			isa = PBXGroup;
			children = (
				69C9EAB224992368000EE178 /* Constants.swift */,
				6967EB70249B6A46005E8EB1 /* Extensions.swift */,
			);
			path = Utils;
			sourceTree = "<group>";
		};
		69C9EAB4249A8912000EE178 /* View */ = {
			isa = PBXGroup;
			children = (
				69C9EABB249A8AB0000EE178 /* Cell */,
				69C9EABA249A8A8F000EE178 /* Controller */,
			);
			path = View;
			sourceTree = "<group>";
		};
		69C9EAB9249A8A68000EE178 /* ViewModel */ = {
			isa = PBXGroup;
			children = (
				69C9EABC249A8AC6000EE178 /* ArticlesViewModel.swift */,
				6967EB79249B72D8005E8EB1 /* ArticleTableViewModel.swift */,
			);
			path = ViewModel;
			sourceTree = "<group>";
		};
		69C9EABA249A8A8F000EE178 /* Controller */ = {
			isa = PBXGroup;
			children = (
				6967EB6E249B5911005E8EB1 /* ArticlesViewController.swift */,
				69C9EAB6249A8950000EE178 /* ArticlesViewController.xib */,
			);
			path = Controller;
			sourceTree = "<group>";
		};
		69C9EABB249A8AB0000EE178 /* Cell */ = {
			isa = PBXGroup;
			children = (
				69C9EABE249A8B8F000EE178 /* ArticleTableViewCell.swift */,
				69C9EABF249A8B8F000EE178 /* ArticleTableViewCell.xib */,
				6967EB7B249B89A6005E8EB1 /* LoadingTableViewCell.swift */,
				6967EB7C249B89A6005E8EB1 /* LoadingTableViewCell.xib */,
			);
			path = Cell;
			sourceTree = "<group>";
		};
		896129A1781A665D9238CD97 /* Pods */ = {
			isa = PBXGroup;
			children = (
				116475B4DBAB769E647E8698 /* Pods-Articles.debug.xcconfig */,
				0E811BD9BCDC62458E2B7334 /* Pods-Articles.release.xcconfig */,
			);
			path = Pods;
			sourceTree = "<group>";
		};
		D61EC87714EFC8574FB73F4A /* Frameworks */ = {
			isa = PBXGroup;
			children = (
				AE1CC4D87EA780AE38A86813 /* Pods_Articles.framework */,
			);
			name = Frameworks;
			sourceTree = "<group>";
		};
/* End PBXGroup section */

/* Begin PBXNativeTarget section */
		69A693F12498C0370037DB91 /* Articles */ = {
			isa = PBXNativeTarget;
			buildConfigurationList = 69A694092498C03B0037DB91 /* Build configuration list for PBXNativeTarget "Articles" */;
			buildPhases = (
				274DFAD4371EC3C1FB81C58B /* [CP] Check Pods Manifest.lock */,
				69A693EE2498C0370037DB91 /* Sources */,
				69A693EF2498C0370037DB91 /* Frameworks */,
				69A693F02498C0370037DB91 /* Resources */,
				735FD1EB0FA79CC6FFBB7110 /* [CP] Embed Pods Frameworks */,
			);
			buildRules = (
			);
			dependencies = (
			);
			name = Articles;
			productName = Articles;
			productReference = 69A693F22498C0370037DB91 /* Articles.app */;
			productType = "com.apple.product-type.application";
		};
/* End PBXNativeTarget section */

/* Begin PBXProject section */
		69A693EA2498C0370037DB91 /* Project object */ = {
			isa = PBXProject;
			attributes = {
				LastSwiftUpdateCheck = 1140;
				LastUpgradeCheck = 1140;
				ORGANIZATIONNAME = Articles;
				TargetAttributes = {
					69A693F12498C0370037DB91 = {
						CreatedOnToolsVersion = 11.4;
					};
				};
			};
			buildConfigurationList = 69A693ED2498C0370037DB91 /* Build configuration list for PBXProject "Articles" */;
			compatibilityVersion = "Xcode 9.3";
			developmentRegion = en;
			hasScannedForEncodings = 0;
			knownRegions = (
				en,
				Base,
			);
			mainGroup = 69A693E92498C0370037DB91;
			productRefGroup = 69A693F32498C0370037DB91 /* Products */;
			projectDirPath = "";
			projectRoot = "";
			targets = (
				69A693F12498C0370037DB91 /* Articles */,
			);
		};
/* End PBXProject section */

/* Begin PBXResourcesBuildPhase section */
		69A693F02498C0370037DB91 /* Resources */ = {
			isa = PBXResourcesBuildPhase;
			buildActionMask = 2147483647;
			files = (
				6967EB7E249B89A6005E8EB1 /* LoadingTableViewCell.xib in Resources */,
				69C9EAC1249A8B8F000EE178 /* ArticleTableViewCell.xib in Resources */,
				69A694052498C03B0037DB91 /* LaunchScreen.storyboard in Resources */,
				69C9EAB8249A8950000EE178 /* ArticlesViewController.xib in Resources */,
				69A694022498C03B0037DB91 /* Assets.xcassets in Resources */,
				69A693FD2498C0370037DB91 /* Main.storyboard in Resources */,
			);
			runOnlyForDeploymentPostprocessing = 0;
		};
/* End PBXResourcesBuildPhase section */

/* Begin PBXShellScriptBuildPhase section */
		274DFAD4371EC3C1FB81C58B /* [CP] Check Pods Manifest.lock */ = {
			isa = PBXShellScriptBuildPhase;
			buildActionMask = 2147483647;
			files = (
			);
			inputFileListPaths = (
			);
			inputPaths = (
				"${PODS_PODFILE_DIR_PATH}/Podfile.lock",
				"${PODS_ROOT}/Manifest.lock",
			);
			name = "[CP] Check Pods Manifest.lock";
			outputFileListPaths = (
			);
			outputPaths = (
				"$(DERIVED_FILE_DIR)/Pods-Articles-checkManifestLockResult.txt",
			);
			runOnlyForDeploymentPostprocessing = 0;
			shellPath = /bin/sh;
			shellScript = "diff \"${PODS_PODFILE_DIR_PATH}/Podfile.lock\" \"${PODS_ROOT}/Manifest.lock\" > /dev/null\nif [ $? != 0 ] ; then\n    # print error to STDERR\n    echo \"error: The sandbox is not in sync with the Podfile.lock. Run 'pod install' or update your CocoaPods installation.\" >&2\n    exit 1\nfi\n# This output is used by Xcode 'outputs' to avoid re-running this script phase.\necho \"SUCCESS\" > \"${SCRIPT_OUTPUT_FILE_0}\"\n";
			showEnvVarsInLog = 0;
		};
		735FD1EB0FA79CC6FFBB7110 /* [CP] Embed Pods Frameworks */ = {
			isa = PBXShellScriptBuildPhase;
			buildActionMask = 2147483647;
			files = (
			);
			inputFileListPaths = (
				"${PODS_ROOT}/Target Support Files/Pods-Articles/Pods-Articles-frameworks-${CONFIGURATION}-input-files.xcfilelist",
			);
			name = "[CP] Embed Pods Frameworks";
			outputFileListPaths = (
				"${PODS_ROOT}/Target Support Files/Pods-Articles/Pods-Articles-frameworks-${CONFIGURATION}-output-files.xcfilelist",
			);
			runOnlyForDeploymentPostprocessing = 0;
			shellPath = /bin/sh;
			shellScript = "\"${PODS_ROOT}/Target Support Files/Pods-Articles/Pods-Articles-frameworks.sh\"\n";
			showEnvVarsInLog = 0;
		};
/* End PBXShellScriptBuildPhase section */

/* Begin PBXSourcesBuildPhase section */
		69A693EE2498C0370037DB91 /* Sources */ = {
			isa = PBXSourcesBuildPhase;
			buildActionMask = 2147483647;
			files = (
				6967EB7D249B89A6005E8EB1 /* LoadingTableViewCell.swift in Sources */,
				69C9EAC0249A8B8F000EE178 /* ArticleTableViewCell.swift in Sources */,
				69A694002498C0370037DB91 /* Articles.xcdatamodeld in Sources */,
				6967EB6F249B5911005E8EB1 /* ArticlesViewController.swift in Sources */,
				6967EB80249BB386005E8EB1 /* URLParameterEncoding.swift in Sources */,
				69C9EAAA2498F155000EE178 /* RequestEndPoint.swift in Sources */,
				69C9EAAE2498F155000EE178 /* NetworkManager.swift in Sources */,
				6967EB76249B701F005E8EB1 /* Media.swift in Sources */,
				6967EB78249B702B005E8EB1 /* User.swift in Sources */,
				69C9EABD249A8AC6000EE178 /* ArticlesViewModel.swift in Sources */,
				69C9EAAC2498F155000EE178 /* ParameterEncoding.swift in Sources */,
				69C9EAB324992369000EE178 /* Constants.swift in Sources */,
				69C9EAAB2498F155000EE178 /* EndPoint.swift in Sources */,
				6967EB7A249B72D8005E8EB1 /* ArticleTableViewModel.swift in Sources */,
				69C9EAAF2498F155000EE178 /* APIService.swift in Sources */,
				69A693F62498C0370037DB91 /* AppDelegate.swift in Sources */,
				69C9EAB02498F155000EE178 /* URLSessionAPIService.swift in Sources */,
				6967EB71249B6A46005E8EB1 /* Extensions.swift in Sources */,
				6967EB74249B6E25005E8EB1 /* Article.swift in Sources */,
			);
			runOnlyForDeploymentPostprocessing = 0;
		};
/* End PBXSourcesBuildPhase section */

/* Begin PBXVariantGroup section */
		69A693FB2498C0370037DB91 /* Main.storyboard */ = {
			isa = PBXVariantGroup;
			children = (
				69A693FC2498C0370037DB91 /* Base */,
			);
			name = Main.storyboard;
			sourceTree = "<group>";
		};
		69A694032498C03B0037DB91 /* LaunchScreen.storyboard */ = {
			isa = PBXVariantGroup;
			children = (
				69A694042498C03B0037DB91 /* Base */,
			);
			name = LaunchScreen.storyboard;
			sourceTree = "<group>";
		};
/* End PBXVariantGroup section */

/* Begin XCBuildConfiguration section */
		69A694072498C03B0037DB91 /* Debug */ = {
			isa = XCBuildConfiguration;
			buildSettings = {
				ALWAYS_SEARCH_USER_PATHS = NO;
				CLANG_ANALYZER_NONNULL = YES;
				CLANG_ANALYZER_NUMBER_OBJECT_CONVERSION = YES_AGGRESSIVE;
				CLANG_CXX_LANGUAGE_STANDARD = "gnu++14";
				CLANG_CXX_LIBRARY = "libc++";
				CLANG_ENABLE_MODULES = YES;
				CLANG_ENABLE_OBJC_ARC = YES;
				CLANG_ENABLE_OBJC_WEAK = YES;
				CLANG_WARN_BLOCK_CAPTURE_AUTORELEASING = YES;
				CLANG_WARN_BOOL_CONVERSION = YES;
				CLANG_WARN_COMMA = YES;
				CLANG_WARN_CONSTANT_CONVERSION = YES;
				CLANG_WARN_DEPRECATED_OBJC_IMPLEMENTATIONS = YES;
				CLANG_WARN_DIRECT_OBJC_ISA_USAGE = YES_ERROR;
				CLANG_WARN_DOCUMENTATION_COMMENTS = YES;
				CLANG_WARN_EMPTY_BODY = YES;
				CLANG_WARN_ENUM_CONVERSION = YES;
				CLANG_WARN_INFINITE_RECURSION = YES;
				CLANG_WARN_INT_CONVERSION = YES;
				CLANG_WARN_NON_LITERAL_NULL_CONVERSION = YES;
				CLANG_WARN_OBJC_IMPLICIT_RETAIN_SELF = YES;
				CLANG_WARN_OBJC_LITERAL_CONVERSION = YES;
				CLANG_WARN_OBJC_ROOT_CLASS = YES_ERROR;
				CLANG_WARN_RANGE_LOOP_ANALYSIS = YES;
				CLANG_WARN_STRICT_PROTOTYPES = YES;
				CLANG_WARN_SUSPICIOUS_MOVE = YES;
				CLANG_WARN_UNGUARDED_AVAILABILITY = YES_AGGRESSIVE;
				CLANG_WARN_UNREACHABLE_CODE = YES;
				CLANG_WARN__DUPLICATE_METHOD_MATCH = YES;
				COPY_PHASE_STRIP = NO;
				DEBUG_INFORMATION_FORMAT = dwarf;
				ENABLE_STRICT_OBJC_MSGSEND = YES;
				ENABLE_TESTABILITY = YES;
				GCC_C_LANGUAGE_STANDARD = gnu11;
				GCC_DYNAMIC_NO_PIC = NO;
				GCC_NO_COMMON_BLOCKS = YES;
				GCC_OPTIMIZATION_LEVEL = 0;
				GCC_PREPROCESSOR_DEFINITIONS = (
					"DEBUG=1",
					"$(inherited)",
				);
				GCC_WARN_64_TO_32_BIT_CONVERSION = YES;
				GCC_WARN_ABOUT_RETURN_TYPE = YES_ERROR;
				GCC_WARN_UNDECLARED_SELECTOR = YES;
				GCC_WARN_UNINITIALIZED_AUTOS = YES_AGGRESSIVE;
				GCC_WARN_UNUSED_FUNCTION = YES;
				GCC_WARN_UNUSED_VARIABLE = YES;
				IPHONEOS_DEPLOYMENT_TARGET = 12.0;
				MTL_ENABLE_DEBUG_INFO = INCLUDE_SOURCE;
				MTL_FAST_MATH = YES;
				ONLY_ACTIVE_ARCH = YES;
				SDKROOT = iphoneos;
				SWIFT_ACTIVE_COMPILATION_CONDITIONS = DEBUG;
				SWIFT_OPTIMIZATION_LEVEL = "-Onone";
			};
			name = Debug;
		};
		69A694082498C03B0037DB91 /* Release */ = {
			isa = XCBuildConfiguration;
			buildSettings = {
				ALWAYS_SEARCH_USER_PATHS = NO;
				CLANG_ANALYZER_NONNULL = YES;
				CLANG_ANALYZER_NUMBER_OBJECT_CONVERSION = YES_AGGRESSIVE;
				CLANG_CXX_LANGUAGE_STANDARD = "gnu++14";
				CLANG_CXX_LIBRARY = "libc++";
				CLANG_ENABLE_MODULES = YES;
				CLANG_ENABLE_OBJC_ARC = YES;
				CLANG_ENABLE_OBJC_WEAK = YES;
				CLANG_WARN_BLOCK_CAPTURE_AUTORELEASING = YES;
				CLANG_WARN_BOOL_CONVERSION = YES;
				CLANG_WARN_COMMA = YES;
				CLANG_WARN_CONSTANT_CONVERSION = YES;
				CLANG_WARN_DEPRECATED_OBJC_IMPLEMENTATIONS = YES;
				CLANG_WARN_DIRECT_OBJC_ISA_USAGE = YES_ERROR;
				CLANG_WARN_DOCUMENTATION_COMMENTS = YES;
				CLANG_WARN_EMPTY_BODY = YES;
				CLANG_WARN_ENUM_CONVERSION = YES;
				CLANG_WARN_INFINITE_RECURSION = YES;
				CLANG_WARN_INT_CONVERSION = YES;
				CLANG_WARN_NON_LITERAL_NULL_CONVERSION = YES;
				CLANG_WARN_OBJC_IMPLICIT_RETAIN_SELF = YES;
				CLANG_WARN_OBJC_LITERAL_CONVERSION = YES;
				CLANG_WARN_OBJC_ROOT_CLASS = YES_ERROR;
				CLANG_WARN_RANGE_LOOP_ANALYSIS = YES;
				CLANG_WARN_STRICT_PROTOTYPES = YES;
				CLANG_WARN_SUSPICIOUS_MOVE = YES;
				CLANG_WARN_UNGUARDED_AVAILABILITY = YES_AGGRESSIVE;
				CLANG_WARN_UNREACHABLE_CODE = YES;
				CLANG_WARN__DUPLICATE_METHOD_MATCH = YES;
				COPY_PHASE_STRIP = NO;
				DEBUG_INFORMATION_FORMAT = "dwarf-with-dsym";
				ENABLE_NS_ASSERTIONS = NO;
				ENABLE_STRICT_OBJC_MSGSEND = YES;
				GCC_C_LANGUAGE_STANDARD = gnu11;
				GCC_NO_COMMON_BLOCKS = YES;
				GCC_WARN_64_TO_32_BIT_CONVERSION = YES;
				GCC_WARN_ABOUT_RETURN_TYPE = YES_ERROR;
				GCC_WARN_UNDECLARED_SELECTOR = YES;
				GCC_WARN_UNINITIALIZED_AUTOS = YES_AGGRESSIVE;
				GCC_WARN_UNUSED_FUNCTION = YES;
				GCC_WARN_UNUSED_VARIABLE = YES;
				IPHONEOS_DEPLOYMENT_TARGET = 12.0;
				MTL_ENABLE_DEBUG_INFO = NO;
				MTL_FAST_MATH = YES;
				SDKROOT = iphoneos;
				SWIFT_COMPILATION_MODE = wholemodule;
				SWIFT_OPTIMIZATION_LEVEL = "-O";
				VALIDATE_PRODUCT = YES;
			};
			name = Release;
		};
		69A6940A2498C03B0037DB91 /* Debug */ = {
			isa = XCBuildConfiguration;
			baseConfigurationReference = 116475B4DBAB769E647E8698 /* Pods-Articles.debug.xcconfig */;
			buildSettings = {
				ASSETCATALOG_COMPILER_APPICON_NAME = AppIcon;
				CODE_SIGN_STYLE = Automatic;
				DEVELOPMENT_TEAM = 5C4DMH55CS;
				INFOPLIST_FILE = Articles/Info.plist;
				LD_RUNPATH_SEARCH_PATHS = (
					"$(inherited)",
					"@executable_path/Frameworks",
				);
				PRODUCT_BUNDLE_IDENTIFIER = com.articles.Articles;
				PRODUCT_NAME = "$(TARGET_NAME)";
				SWIFT_VERSION = 5.0;
				TARGETED_DEVICE_FAMILY = "1,2";
			};
			name = Debug;
		};
		69A6940B2498C03B0037DB91 /* Release */ = {
			isa = XCBuildConfiguration;
			baseConfigurationReference = 0E811BD9BCDC62458E2B7334 /* Pods-Articles.release.xcconfig */;
			buildSettings = {
				ASSETCATALOG_COMPILER_APPICON_NAME = AppIcon;
				CODE_SIGN_STYLE = Automatic;
				DEVELOPMENT_TEAM = 5C4DMH55CS;
				INFOPLIST_FILE = Articles/Info.plist;
				LD_RUNPATH_SEARCH_PATHS = (
					"$(inherited)",
					"@executable_path/Frameworks",
				);
				PRODUCT_BUNDLE_IDENTIFIER = com.articles.Articles;
				PRODUCT_NAME = "$(TARGET_NAME)";
				SWIFT_VERSION = 5.0;
				TARGETED_DEVICE_FAMILY = "1,2";
			};
			name = Release;
		};
/* End XCBuildConfiguration section */

/* Begin XCConfigurationList section */
		69A693ED2498C0370037DB91 /* Build configuration list for PBXProject "Articles" */ = {
			isa = XCConfigurationList;
			buildConfigurations = (
				69A694072498C03B0037DB91 /* Debug */,
				69A694082498C03B0037DB91 /* Release */,
			);
			defaultConfigurationIsVisible = 0;
			defaultConfigurationName = Release;
		};
		69A694092498C03B0037DB91 /* Build configuration list for PBXNativeTarget "Articles" */ = {
			isa = XCConfigurationList;
			buildConfigurations = (
				69A6940A2498C03B0037DB91 /* Debug */,
				69A6940B2498C03B0037DB91 /* Release */,
			);
			defaultConfigurationIsVisible = 0;
			defaultConfigurationName = Release;
		};
/* End XCConfigurationList section */

/* Begin XCVersionGroup section */
		69A693FE2498C0370037DB91 /* Articles.xcdatamodeld */ = {
			isa = XCVersionGroup;
			children = (
				69A693FF2498C0370037DB91 /* Articles.xcdatamodel */,
			);
			currentVersion = 69A693FF2498C0370037DB91 /* Articles.xcdatamodel */;
			path = Articles.xcdatamodeld;
			sourceTree = "<group>";
			versionGroupType = wrapper.xcdatamodel;
		};
/* End XCVersionGroup section */
	};
	rootObject = 69A693EA2498C0370037DB91 /* Project object */;
}
